
Microsoft Visual Studio Solution File, Format Version 12.00
# Visual Studio 15
VisualStudioVersion = 15.0.27004.2006
MinimumVisualStudioVersion = 10.0.40219.1
Project("{2150E333-8FDC-42A3-9474-1A3956D46DE8}") = "Solution Items", "Solution Items", "{5E42F5E0-F5A7-4CB6-A643-9264A9DFAE26}"
	ProjectSection(SolutionItems) = preProject
		appveyor.yml = appveyor.yml
		README.md = README.md
	EndProjectSection
EndProject
Project("{FAE04EC0-301F-11D3-BF4B-00C04F79EFBC}") = "toofz.Telemetry", "toofz.Telemetry\toofz.Telemetry.csproj", "{ACF765E7-30BD-40B9-90DC-0A8364890117}"
EndProject
Project("{FAE04EC0-301F-11D3-BF4B-00C04F79EFBC}") = "toofz.Telemetry.Tests", "toofz.Telemetry.Tests\toofz.Telemetry.Tests.csproj", "{F7DE439A-1515-4C56-A72A-D3951E63C240}"
EndProject
Global
	GlobalSection(SolutionConfigurationPlatforms) = preSolution
		Debug|Any CPU = Debug|Any CPU
		Release|Any CPU = Release|Any CPU
	EndGlobalSection
	GlobalSection(ProjectConfigurationPlatforms) = postSolution
		{ACF765E7-30BD-40B9-90DC-0A8364890117}.Debug|Any CPU.ActiveCfg = Debug|Any CPU
		{ACF765E7-30BD-40B9-90DC-0A8364890117}.Debug|Any CPU.Build.0 = Debug|Any CPU
		{ACF765E7-30BD-40B9-90DC-0A8364890117}.Release|Any CPU.ActiveCfg = Release|Any CPU
		{ACF765E7-30BD-40B9-90DC-0A8364890117}.Release|Any CPU.Build.0 = Release|Any CPU
		{F7DE439A-1515-4C56-A72A-D3951E63C240}.Debug|Any CPU.ActiveCfg = Debug|Any CPU
		{F7DE439A-1515-4C56-A72A-D3951E63C240}.Debug|Any CPU.Build.0 = Debug|Any CPU
		{F7DE439A-1515-4C56-A72A-D3951E63C240}.Release|Any CPU.ActiveCfg = Release|Any CPU
		{F7DE439A-1515-4C56-A72A-D3951E63C240}.Release|Any CPU.Build.0 = Release|Any CPU
	EndGlobalSection
	GlobalSection(SolutionProperties) = preSolution
		HideSolutionNode = FALSE
	EndGlobalSection
	GlobalSection(ExtensibilityGlobals) = postSolution
		SolutionGuid = {A32AF1E1-6A62-4ED5-A064-646003D9DFAE}
	EndGlobalSection
EndGlobal
